
Microsoft Visual Studio Solution File, Format Version 12.00
# Visual Studio Version 17
VisualStudioVersion = 17.10.35122.118
MinimumVisualStudioVersion = 10.0.40219.1
Project("{FAE04EC0-301F-11D3-BF4B-00C04F79EFBC}") = "GUI", "GUI\GUI.csproj", "{3D550939-1DC4-4238-9D60-6A3585A9E92F}"
EndProject
Project("{FAE04EC0-301F-11D3-BF4B-00C04F79EFBC}") = "BE", "BE\BE.csproj", "{599409D4-7246-47A7-B0B7-9453E703F9C4}"
EndProject
Project("{FAE04EC0-301F-11D3-BF4B-00C04F79EFBC}") = "BLL", "BLL\BLL.csproj", "{C5B20AB3-0A58-460E-806E-D9AF97E49725}"
EndProject
Project("{FAE04EC0-301F-11D3-BF4B-00C04F79EFBC}") = "DAL", "DAL\DAL.csproj", "{2AED9C2E-5F8C-4848-B717-0FDEA61FE129}"
EndProject
Global
	GlobalSection(SolutionConfigurationPlatforms) = preSolution
		Debug|Any CPU = Debug|Any CPU
		Release|Any CPU = Release|Any CPU
	EndGlobalSection
	GlobalSection(ProjectConfigurationPlatforms) = postSolution
		{3D550939-1DC4-4238-9D60-6A3585A9E92F}.Debug|Any CPU.ActiveCfg = Debug|Any CPU
		{3D550939-1DC4-4238-9D60-6A3585A9E92F}.Debug|Any CPU.Build.0 = Debug|Any CPU
		{3D550939-1DC4-4238-9D60-6A3585A9E92F}.Release|Any CPU.ActiveCfg = Release|Any CPU
		{3D550939-1DC4-4238-9D60-6A3585A9E92F}.Release|Any CPU.Build.0 = Release|Any CPU
		{599409D4-7246-47A7-B0B7-9453E703F9C4}.Debug|Any CPU.ActiveCfg = Debug|Any CPU
		{599409D4-7246-47A7-B0B7-9453E703F9C4}.Debug|Any CPU.Build.0 = Debug|Any CPU
		{599409D4-7246-47A7-B0B7-9453E703F9C4}.Release|Any CPU.ActiveCfg = Release|Any CPU
		{599409D4-7246-47A7-B0B7-9453E703F9C4}.Release|Any CPU.Build.0 = Release|Any CPU
		{C5B20AB3-0A58-460E-806E-D9AF97E49725}.Debug|Any CPU.ActiveCfg = Debug|Any CPU
		{C5B20AB3-0A58-460E-806E-D9AF97E49725}.Debug|Any CPU.Build.0 = Debug|Any CPU
		{C5B20AB3-0A58-460E-806E-D9AF97E49725}.Release|Any CPU.ActiveCfg = Release|Any CPU
		{C5B20AB3-0A58-460E-806E-D9AF97E49725}.Release|Any CPU.Build.0 = Release|Any CPU
		{2AED9C2E-5F8C-4848-B717-0FDEA61FE129}.Debug|Any CPU.ActiveCfg = Debug|Any CPU
		{2AED9C2E-5F8C-4848-B717-0FDEA61FE129}.Debug|Any CPU.Build.0 = Debug|Any CPU
		{2AED9C2E-5F8C-4848-B717-0FDEA61FE129}.Release|Any CPU.ActiveCfg = Release|Any CPU
		{2AED9C2E-5F8C-4848-B717-0FDEA61FE129}.Release|Any CPU.Build.0 = Release|Any CPU
	EndGlobalSection
	GlobalSection(SolutionProperties) = preSolution
		HideSolutionNode = FALSE
	EndGlobalSection
	GlobalSection(ExtensibilityGlobals) = postSolution
		SolutionGuid = {22EB8417-0F17-4FAC-BE4E-2394AF6F5A39}
	EndGlobalSection
EndGlobal
